// !$*UTF8*$!
{
	archiveVersion = 1;
	classes = {
	};
	objectVersion = 46;
	objects = {

/* Begin PBXBuildFile section */
		2E88AAE21C53E0B500A227BC /* AppDelegate.swift in Sources */ = {isa = PBXBuildFile; fileRef = 2E88AAE11C53E0B500A227BC /* AppDelegate.swift */; };
		2E88AAEC1C53E0B500A227BC /* LaunchScreen.storyboard in Resources */ = {isa = PBXBuildFile; fileRef = 2E88AAEA1C53E0B500A227BC /* LaunchScreen.storyboard */; };
		2E88AAF51C53E0DF00A227BC /* AutoLayoutKit.swift in Sources */ = {isa = PBXBuildFile; fileRef = 2E88AAF41C53E0DF00A227BC /* AutoLayoutKit.swift */; };
		2E88AAF71C53E12E00A227BC /* TestTableViewController.swift in Sources */ = {isa = PBXBuildFile; fileRef = 2E88AAF61C53E12E00A227BC /* TestTableViewController.swift */; };
		2E88AAF91C53E14600A227BC /* TestView0.swift in Sources */ = {isa = PBXBuildFile; fileRef = 2E88AAF81C53E14600A227BC /* TestView0.swift */; };
		2E88AAFB1C53E14B00A227BC /* TestView.swift in Sources */ = {isa = PBXBuildFile; fileRef = 2E88AAFA1C53E14B00A227BC /* TestView.swift */; };
		2EC7ECC31C6050BE000C9A35 /* AutoLayoutKit-ext.swift in Sources */ = {isa = PBXBuildFile; fileRef = 2EC7ECC21C6050BE000C9A35 /* AutoLayoutKit-ext.swift */; };
		2ED733D11C5765B900B9C013 /* TestView1.swift in Sources */ = {isa = PBXBuildFile; fileRef = 2ED733D01C5765B900B9C013 /* TestView1.swift */; };
		2ED733D31C57668A00B9C013 /* TestView2.swift in Sources */ = {isa = PBXBuildFile; fileRef = 2ED733D21C57668A00B9C013 /* TestView2.swift */; };
		2ED733D51C5778B500B9C013 /* TestView3.swift in Sources */ = {isa = PBXBuildFile; fileRef = 2ED733D41C5778B500B9C013 /* TestView3.swift */; };
		2ED733D71C57794A00B9C013 /* TestView5.swift in Sources */ = {isa = PBXBuildFile; fileRef = 2ED733D61C57794A00B9C013 /* TestView5.swift */; };
		2ED733DA1C5887F400B9C013 /* TestView4.swift in Sources */ = {isa = PBXBuildFile; fileRef = 2ED733D91C5887F400B9C013 /* TestView4.swift */; };
/* End PBXBuildFile section */

/* Begin PBXFileReference section */
		2E88AADE1C53E0B500A227BC /* autolayout-ios-test.app */ = {isa = PBXFileReference; explicitFileType = wrapper.application; includeInIndex = 0; path = "autolayout-ios-test.app"; sourceTree = BUILT_PRODUCTS_DIR; };
		2E88AAE11C53E0B500A227BC /* AppDelegate.swift */ = {isa = PBXFileReference; lastKnownFileType = sourcecode.swift; path = AppDelegate.swift; sourceTree = "<group>"; };
		2E88AAEB1C53E0B500A227BC /* Base */ = {isa = PBXFileReference; lastKnownFileType = file.storyboard; name = Base; path = Base.lproj/LaunchScreen.storyboard; sourceTree = "<group>"; };
		2E88AAED1C53E0B500A227BC /* Info.plist */ = {isa = PBXFileReference; lastKnownFileType = text.plist.xml; path = Info.plist; sourceTree = "<group>"; };
		2E88AAF41C53E0DF00A227BC /* AutoLayoutKit.swift */ = {isa = PBXFileReference; fileEncoding = 4; lastKnownFileType = sourcecode.swift; path = AutoLayoutKit.swift; sourceTree = "<group>"; };
		2E88AAF61C53E12E00A227BC /* TestTableViewController.swift */ = {isa = PBXFileReference; fileEncoding = 4; lastKnownFileType = sourcecode.swift; path = TestTableViewController.swift; sourceTree = "<group>"; };
		2E88AAF81C53E14600A227BC /* TestView0.swift */ = {isa = PBXFileReference; fileEncoding = 4; lastKnownFileType = sourcecode.swift; path = TestView0.swift; sourceTree = "<group>"; };
		2E88AAFA1C53E14B00A227BC /* TestView.swift */ = {isa = PBXFileReference; fileEncoding = 4; lastKnownFileType = sourcecode.swift; path = TestView.swift; sourceTree = "<group>"; };
		2EC7ECC21C6050BE000C9A35 /* AutoLayoutKit-ext.swift */ = {isa = PBXFileReference; fileEncoding = 4; lastKnownFileType = sourcecode.swift; path = "AutoLayoutKit-ext.swift"; sourceTree = "<group>"; };
		2ED733D01C5765B900B9C013 /* TestView1.swift */ = {isa = PBXFileReference; fileEncoding = 4; lastKnownFileType = sourcecode.swift; path = TestView1.swift; sourceTree = "<group>"; };
		2ED733D21C57668A00B9C013 /* TestView2.swift */ = {isa = PBXFileReference; fileEncoding = 4; lastKnownFileType = sourcecode.swift; path = TestView2.swift; sourceTree = "<group>"; };
		2ED733D41C5778B500B9C013 /* TestView3.swift */ = {isa = PBXFileReference; fileEncoding = 4; lastKnownFileType = sourcecode.swift; path = TestView3.swift; sourceTree = "<group>"; };
		2ED733D61C57794A00B9C013 /* TestView5.swift */ = {isa = PBXFileReference; fileEncoding = 4; lastKnownFileType = sourcecode.swift; path = TestView5.swift; sourceTree = "<group>"; };
		2ED733D91C5887F400B9C013 /* TestView4.swift */ = {isa = PBXFileReference; fileEncoding = 4; lastKnownFileType = sourcecode.swift; path = TestView4.swift; sourceTree = "<group>"; };
/* End PBXFileReference section */

/* Begin PBXFrameworksBuildPhase section */
		2E88AADB1C53E0B500A227BC /* Frameworks */ = {
			isa = PBXFrameworksBuildPhase;
			buildActionMask = 2147483647;
			files = (
			);
			runOnlyForDeploymentPostprocessing = 0;
		};
/* End PBXFrameworksBuildPhase section */

/* Begin PBXGroup section */
		2E88AAD51C53E0B500A227BC = {
			isa = PBXGroup;
			children = (
				2E88AAF31C53E0CE00A227BC /* AutoLayoutKit */,
				2E88AAE01C53E0B500A227BC /* autolayout-ios-test */,
				2E88AADF1C53E0B500A227BC /* Products */,
			);
			sourceTree = "<group>";
		};
		2E88AADF1C53E0B500A227BC /* Products */ = {
			isa = PBXGroup;
			children = (
				2E88AADE1C53E0B500A227BC /* autolayout-ios-test.app */,
			);
			name = Products;
			sourceTree = "<group>";
		};
		2E88AAE01C53E0B500A227BC /* autolayout-ios-test */ = {
			isa = PBXGroup;
			children = (
				2E88AAFA1C53E14B00A227BC /* TestView.swift */,
				2E88AAF81C53E14600A227BC /* TestView0.swift */,
				2ED733D01C5765B900B9C013 /* TestView1.swift */,
				2ED733D21C57668A00B9C013 /* TestView2.swift */,
				2ED733D41C5778B500B9C013 /* TestView3.swift */,
				2ED733D91C5887F400B9C013 /* TestView4.swift */,
				2ED733D61C57794A00B9C013 /* TestView5.swift */,
				2E88AAF61C53E12E00A227BC /* TestTableViewController.swift */,
				2E88AAE11C53E0B500A227BC /* AppDelegate.swift */,
				2E88AAEA1C53E0B500A227BC /* LaunchScreen.storyboard */,
				2E88AAED1C53E0B500A227BC /* Info.plist */,
			);
			path = "autolayout-ios-test";
			sourceTree = "<group>";
		};
		2E88AAF31C53E0CE00A227BC /* AutoLayoutKit */ = {
			isa = PBXGroup;
			children = (
				2E88AAF41C53E0DF00A227BC /* AutoLayoutKit.swift */,
				2EC7ECC21C6050BE000C9A35 /* AutoLayoutKit-ext.swift */,
			);
			name = AutoLayoutKit;
			path = ../AutoLayoutKit;
			sourceTree = "<group>";
		};
/* End PBXGroup section */

/* Begin PBXNativeTarget section */
		2E88AADD1C53E0B500A227BC /* autolayout-ios-test */ = {
			isa = PBXNativeTarget;
			buildConfigurationList = 2E88AAF01C53E0B500A227BC /* Build configuration list for PBXNativeTarget "autolayout-ios-test" */;
			buildPhases = (
				2E88AADA1C53E0B500A227BC /* Sources */,
				2E88AADB1C53E0B500A227BC /* Frameworks */,
				2E88AADC1C53E0B500A227BC /* Resources */,
			);
			buildRules = (
			);
			dependencies = (
			);
			name = "autolayout-ios-test";
			productName = "autolayout-ios-test";
			productReference = 2E88AADE1C53E0B500A227BC /* autolayout-ios-test.app */;
			productType = "com.apple.product-type.application";
		};
/* End PBXNativeTarget section */

/* Begin PBXProject section */
		2E88AAD61C53E0B500A227BC /* Project object */ = {
			isa = PBXProject;
			attributes = {
				LastSwiftUpdateCheck = 0720;
				LastUpgradeCheck = 0800;
				ORGANIZATIONNAME = HJC;
				TargetAttributes = {
					2E88AADD1C53E0B500A227BC = {
						CreatedOnToolsVersion = 7.2;
						LastSwiftMigration = 0800;
					};
				};
			};
			buildConfigurationList = 2E88AAD91C53E0B500A227BC /* Build configuration list for PBXProject "autolayout-ios-test" */;
			compatibilityVersion = "Xcode 3.2";
			developmentRegion = English;
			hasScannedForEncodings = 0;
			knownRegions = (
				en,
				Base,
			);
			mainGroup = 2E88AAD51C53E0B500A227BC;
			productRefGroup = 2E88AADF1C53E0B500A227BC /* Products */;
			projectDirPath = "";
			projectRoot = "";
			targets = (
				2E88AADD1C53E0B500A227BC /* autolayout-ios-test */,
			);
		};
/* End PBXProject section */

/* Begin PBXResourcesBuildPhase section */
		2E88AADC1C53E0B500A227BC /* Resources */ = {
			isa = PBXResourcesBuildPhase;
			buildActionMask = 2147483647;
			files = (
				2E88AAEC1C53E0B500A227BC /* LaunchScreen.storyboard in Resources */,
			);
			runOnlyForDeploymentPostprocessing = 0;
		};
/* End PBXResourcesBuildPhase section */

/* Begin PBXSourcesBuildPhase section */
		2E88AADA1C53E0B500A227BC /* Sources */ = {
			isa = PBXSourcesBuildPhase;
			buildActionMask = 2147483647;
			files = (
				2ED733D51C5778B500B9C013 /* TestView3.swift in Sources */,
				2ED733D71C57794A00B9C013 /* TestView5.swift in Sources */,
				2ED733D11C5765B900B9C013 /* TestView1.swift in Sources */,
				2ED733DA1C5887F400B9C013 /* TestView4.swift in Sources */,
				2EC7ECC31C6050BE000C9A35 /* AutoLayoutKit-ext.swift in Sources */,
				2E88AAFB1C53E14B00A227BC /* TestView.swift in Sources */,
				2E88AAF91C53E14600A227BC /* TestView0.swift in Sources */,
				2E88AAE21C53E0B500A227BC /* AppDelegate.swift in Sources */,
				2ED733D31C57668A00B9C013 /* TestView2.swift in Sources */,
				2E88AAF51C53E0DF00A227BC /* AutoLayoutKit.swift in Sources */,
				2E88AAF71C53E12E00A227BC /* TestTableViewController.swift in Sources */,
			);
			runOnlyForDeploymentPostprocessing = 0;
		};
/* End PBXSourcesBuildPhase section */

/* Begin PBXVariantGroup section */
		2E88AAEA1C53E0B500A227BC /* LaunchScreen.storyboard */ = {
			isa = PBXVariantGroup;
			children = (
				2E88AAEB1C53E0B500A227BC /* Base */,
			);
			name = LaunchScreen.storyboard;
			sourceTree = "<group>";
		};
/* End PBXVariantGroup section */

/* Begin XCBuildConfiguration section */
		2E88AAEE1C53E0B500A227BC /* Debug */ = {
			isa = XCBuildConfiguration;
			buildSettings = {
				ALWAYS_SEARCH_USER_PATHS = NO;
				CLANG_CXX_LANGUAGE_STANDARD = "gnu++0x";
				CLANG_CXX_LIBRARY = "libc++";
				CLANG_ENABLE_MODULES = YES;
				CLANG_ENABLE_OBJC_ARC = YES;
				CLANG_WARN_BOOL_CONVERSION = YES;
				CLANG_WARN_CONSTANT_CONVERSION = YES;
				CLANG_WARN_DIRECT_OBJC_ISA_USAGE = YES_ERROR;
				CLANG_WARN_EMPTY_BODY = YES;
				CLANG_WARN_ENUM_CONVERSION = YES;
				CLANG_WARN_INFINITE_RECURSION = YES;
				CLANG_WARN_INT_CONVERSION = YES;
				CLANG_WARN_OBJC_ROOT_CLASS = YES_ERROR;
				CLANG_WARN_SUSPICIOUS_MOVE = YES;
				CLANG_WARN_UNREACHABLE_CODE = YES;
				CLANG_WARN__DUPLICATE_METHOD_MATCH = YES;
				"CODE_SIGN_IDENTITY[sdk=iphoneos*]" = "iPhone Developer";
				COPY_PHASE_STRIP = NO;
				DEBUG_INFORMATION_FORMAT = dwarf;
				ENABLE_STRICT_OBJC_MSGSEND = YES;
				ENABLE_TESTABILITY = YES;
				GCC_C_LANGUAGE_STANDARD = gnu99;
				GCC_DYNAMIC_NO_PIC = NO;
				GCC_NO_COMMON_BLOCKS = YES;
				GCC_OPTIMIZATION_LEVEL = 0;
				GCC_PREPROCESSOR_DEFINITIONS = (
					"DEBUG=1",
					"$(inherited)",
				);
				GCC_WARN_64_TO_32_BIT_CONVERSION = YES;
				GCC_WARN_ABOUT_RETURN_TYPE = YES_ERROR;
				GCC_WARN_UNDECLARED_SELECTOR = YES;
				GCC_WARN_UNINITIALIZED_AUTOS = YES_AGGRESSIVE;
				GCC_WARN_UNUSED_FUNCTION = YES;
				GCC_WARN_UNUSED_VARIABLE = YES;
				IPHONEOS_DEPLOYMENT_TARGET = 9.2;
				MTL_ENABLE_DEBUG_INFO = YES;
				ONLY_ACTIVE_ARCH = YES;
				SDKROOT = iphoneos;
				SWIFT_OPTIMIZATION_LEVEL = "-Onone";
				TARGETED_DEVICE_FAMILY = "1,2";
			};
			name = Debug;
		};
		2E88AAEF1C53E0B500A227BC /* Release */ = {
			isa = XCBuildConfiguration;
			buildSettings = {
				ALWAYS_SEARCH_USER_PATHS = NO;
				CLANG_CXX_LANGUAGE_STANDARD = "gnu++0x";
				CLANG_CXX_LIBRARY = "libc++";
				CLANG_ENABLE_MODULES = YES;
				CLANG_ENABLE_OBJC_ARC = YES;
				CLANG_WARN_BOOL_CONVERSION = YES;
				CLANG_WARN_CONSTANT_CONVERSION = YES;
				CLANG_WARN_DIRECT_OBJC_ISA_USAGE = YES_ERROR;
				CLANG_WARN_EMPTY_BODY = YES;
				CLANG_WARN_ENUM_CONVERSION = YES;
				CLANG_WARN_INFINITE_RECURSION = YES;
				CLANG_WARN_INT_CONVERSION = YES;
				CLANG_WARN_OBJC_ROOT_CLASS = YES_ERROR;
				CLANG_WARN_SUSPICIOUS_MOVE = YES;
				CLANG_WARN_UNREACHABLE_CODE = YES;
				CLANG_WARN__DUPLICATE_METHOD_MATCH = YES;
				"CODE_SIGN_IDENTITY[sdk=iphoneos*]" = "iPhone Developer";
				COPY_PHASE_STRIP = NO;
				DEBUG_INFORMATION_FORMAT = "dwarf-with-dsym";
				ENABLE_NS_ASSERTIONS = NO;
				ENABLE_STRICT_OBJC_MSGSEND = YES;
				GCC_C_LANGUAGE_STANDARD = gnu99;
				GCC_NO_COMMON_BLOCKS = YES;
				GCC_WARN_64_TO_32_BIT_CONVERSION = YES;
				GCC_WARN_ABOUT_RETURN_TYPE = YES_ERROR;
				GCC_WARN_UNDECLARED_SELECTOR = YES;
				GCC_WARN_UNINITIALIZED_AUTOS = YES_AGGRESSIVE;
				GCC_WARN_UNUSED_FUNCTION = YES;
				GCC_WARN_UNUSED_VARIABLE = YES;
				IPHONEOS_DEPLOYMENT_TARGET = 9.2;
				MTL_ENABLE_DEBUG_INFO = NO;
				SDKROOT = iphoneos;
				SWIFT_OPTIMIZATION_LEVEL = "-Owholemodule";
				TARGETED_DEVICE_FAMILY = "1,2";
				VALIDATE_PRODUCT = YES;
			};
			name = Release;
		};
		2E88AAF11C53E0B500A227BC /* Debug */ = {
			isa = XCBuildConfiguration;
			buildSettings = {
				ASSETCATALOG_COMPILER_APPICON_NAME = AppIcon;
				INFOPLIST_FILE = "autolayout-ios-test/Info.plist";
				LD_RUNPATH_SEARCH_PATHS = "$(inherited) @executable_path/Frameworks";
				PRODUCT_BUNDLE_IDENTIFIER = "com.testtest.autolayout-ios-test";
				PRODUCT_NAME = "$(TARGET_NAME)";
				SWIFT_VERSION = 3.0;
			};
			name = Debug;
		};
		2E88AAF21C53E0B500A227BC /* Release */ = {
			isa = XCBuildConfiguration;
			buildSettings = {
				ASSETCATALOG_COMPILER_APPICON_NAME = AppIcon;
				INFOPLIST_FILE = "autolayout-ios-test/Info.plist";
				LD_RUNPATH_SEARCH_PATHS = "$(inherited) @executable_path/Frameworks";
				PRODUCT_BUNDLE_IDENTIFIER = "com.testtest.autolayout-ios-test";
				PRODUCT_NAME = "$(TARGET_NAME)";
				SWIFT_VERSION = 3.0;
			};
			name = Release;
		};
/* End XCBuildConfiguration section */

/* Begin XCConfigurationList section */
		2E88AAD91C53E0B500A227BC /* Build configuration list for PBXProject "autolayout-ios-test" */ = {
			isa = XCConfigurationList;
			buildConfigurations = (
				2E88AAEE1C53E0B500A227BC /* Debug */,
				2E88AAEF1C53E0B500A227BC /* Release */,
			);
			defaultConfigurationIsVisible = 0;
			defaultConfigurationName = Release;
		};
		2E88AAF01C53E0B500A227BC /* Build configuration list for PBXNativeTarget "autolayout-ios-test" */ = {
			isa = XCConfigurationList;
			buildConfigurations = (
				2E88AAF11C53E0B500A227BC /* Debug */,
				2E88AAF21C53E0B500A227BC /* Release */,
			);
			defaultConfigurationIsVisible = 0;
			defaultConfigurationName = Release;
		};
/* End XCConfigurationList section */
	};
	rootObject = 2E88AAD61C53E0B500A227BC /* Project object */;
}
